
Microsoft Visual Studio Solution File, Format Version 12.00
# Visual Studio 2013
VisualStudioVersion = 12.0.21005.1
MinimumVisualStudioVersion = 10.0.40219.1
Project("{FAE04EC0-301F-11D3-BF4B-00C04F79EFBC}") = "MegaFilesSharing", "MegaFilesSharing\MegaFilesSharing.csproj", "{6A2F74A7-3DDF-43DD-8B15-4FA16A602239}"
EndProject
Project("{FAE04EC0-301F-11D3-BF4B-00C04F79EFBC}") = "MegaFilesSharing.Tests", "MegaFilesSharing.Tests\MegaFilesSharing.Tests.csproj", "{EC443638-9FAC-44D6-853B-7CD76B1468FF}"
EndProject
Global
	GlobalSection(SolutionConfigurationPlatforms) = preSolution
		Debug|Any CPU = Debug|Any CPU
		Release|Any CPU = Release|Any CPU
	EndGlobalSection
	GlobalSection(ProjectConfigurationPlatforms) = postSolution
		{6A2F74A7-3DDF-43DD-8B15-4FA16A602239}.Debug|Any CPU.ActiveCfg = Debug|Any CPU
		{6A2F74A7-3DDF-43DD-8B15-4FA16A602239}.Debug|Any CPU.Build.0 = Debug|Any CPU
		{6A2F74A7-3DDF-43DD-8B15-4FA16A602239}.Release|Any CPU.ActiveCfg = Release|Any CPU
		{6A2F74A7-3DDF-43DD-8B15-4FA16A602239}.Release|Any CPU.Build.0 = Release|Any CPU
		{EC443638-9FAC-44D6-853B-7CD76B1468FF}.Debug|Any CPU.ActiveCfg = Debug|Any CPU
		{EC443638-9FAC-44D6-853B-7CD76B1468FF}.Debug|Any CPU.Build.0 = Debug|Any CPU
		{EC443638-9FAC-44D6-853B-7CD76B1468FF}.Release|Any CPU.ActiveCfg = Release|Any CPU
		{EC443638-9FAC-44D6-853B-7CD76B1468FF}.Release|Any CPU.Build.0 = Release|Any CPU
	EndGlobalSection
	GlobalSection(SolutionProperties) = preSolution
		HideSolutionNode = FALSE
	EndGlobalSection
EndGlobal
